
Microsoft Visual Studio Solution File, Format Version 12.00
# Visual Studio 14
VisualStudioVersion = 14.0.25123.0
MinimumVisualStudioVersion = 10.0.40219.1
Project("{FAE04EC0-301F-11D3-BF4B-00C04F79EFBC}") = "Starwar", "Starwar\Starwar.csproj", "{D36BD5E7-DF11-4E89-9131-008C5D45BA8C}"
EndProject
Project("{FAE04EC0-301F-11D3-BF4B-00C04F79EFBC}") = "Starwar.Common", "Starwar.Common\Starwar.Common.csproj", "{A34685BC-9F92-41D5-8F18-562412C540D4}"
EndProject
Project("{FAE04EC0-301F-11D3-BF4B-00C04F79EFBC}") = "Starwar.ConfigTool", "Starwar.ConfigTool\Starwar.ConfigTool.csproj", "{9B1B1179-D790-4093-A63B-F861575260DB}"
EndProject
Project("{54435603-DBB4-11D2-8724-00A0C9A8B90C}") = "Starwar.Setup", "Starwar.Setup\Starwar.Setup.vdproj", "{5050FFDA-0EA9-495C-BA69-56EA3904386E}"
EndProject
Global
	GlobalSection(SolutionConfigurationPlatforms) = preSolution
		Debug|Any CPU = Debug|Any CPU
		Release|Any CPU = Release|Any CPU
	EndGlobalSection
	GlobalSection(ProjectConfigurationPlatforms) = postSolution
		{D36BD5E7-DF11-4E89-9131-008C5D45BA8C}.Debug|Any CPU.ActiveCfg = Debug|x86
		{D36BD5E7-DF11-4E89-9131-008C5D45BA8C}.Debug|Any CPU.Build.0 = Debug|x86
		{D36BD5E7-DF11-4E89-9131-008C5D45BA8C}.Release|Any CPU.ActiveCfg = Release|x86
		{D36BD5E7-DF11-4E89-9131-008C5D45BA8C}.Release|Any CPU.Build.0 = Release|x86
		{A34685BC-9F92-41D5-8F18-562412C540D4}.Debug|Any CPU.ActiveCfg = Debug|Any CPU
		{A34685BC-9F92-41D5-8F18-562412C540D4}.Debug|Any CPU.Build.0 = Debug|Any CPU
		{A34685BC-9F92-41D5-8F18-562412C540D4}.Release|Any CPU.ActiveCfg = Release|Any CPU
		{A34685BC-9F92-41D5-8F18-562412C540D4}.Release|Any CPU.Build.0 = Release|Any CPU
		{9B1B1179-D790-4093-A63B-F861575260DB}.Debug|Any CPU.ActiveCfg = Debug|Any CPU
		{9B1B1179-D790-4093-A63B-F861575260DB}.Debug|Any CPU.Build.0 = Debug|Any CPU
		{9B1B1179-D790-4093-A63B-F861575260DB}.Release|Any CPU.ActiveCfg = Release|Any CPU
		{9B1B1179-D790-4093-A63B-F861575260DB}.Release|Any CPU.Build.0 = Release|Any CPU
		{5050FFDA-0EA9-495C-BA69-56EA3904386E}.Debug|Any CPU.ActiveCfg = Debug
		{5050FFDA-0EA9-495C-BA69-56EA3904386E}.Release|Any CPU.ActiveCfg = Release
		{5050FFDA-0EA9-495C-BA69-56EA3904386E}.Release|Any CPU.Build.0 = Release
	EndGlobalSection
	GlobalSection(SolutionProperties) = preSolution
		HideSolutionNode = FALSE
	EndGlobalSection
EndGlobal
